
Microsoft Visual Studio Solution File, Format Version 12.00
# Visual Studio Version 17
VisualStudioVersion = 17.5.33516.290
MinimumVisualStudioVersion = 10.0.40219.1
Project("{9A19103F-16F7-4668-BE54-9A1E7A4F7556}") = "Accounts.Api", "Accounts.Api\Accounts.Api.csproj", "{18F57D65-C70F-400E-9FE0-08A31D9DF876}"
EndProject
Project("{FAE04EC0-301F-11D3-BF4B-00C04F79EFBC}") = "Accounts.Entities", "Accounts.Entities\Accounts.Entities.csproj", "{97F7815D-AF0B-4A75-AF18-EAEE6D4D685E}"
EndProject
Project("{FAE04EC0-301F-11D3-BF4B-00C04F79EFBC}") = "Accounts.Dto", "Accounts.Dto\Accounts.Dto.csproj", "{64BAF3A7-64BF-49AF-9F5D-E8C11F027D25}"
EndProject
Project("{FAE04EC0-301F-11D3-BF4B-00C04F79EFBC}") = "Accounts.DAL", "Accounts.DAL\Accounts.DAL.csproj", "{8AC7C16A-C7B9-4C7C-8759-0C3A9E1BBF1F}"
EndProject
Project("{FAE04EC0-301F-11D3-BF4B-00C04F79EFBC}") = "Accounts.Business", "Accounts.Business\Accounts.Business.csproj", "{A1E2F0B1-058B-4E24-89C1-DF120D26BE73}"
EndProject
Global
	GlobalSection(SolutionConfigurationPlatforms) = preSolution
		Debug|Any CPU = Debug|Any CPU
		Release|Any CPU = Release|Any CPU
	EndGlobalSection
	GlobalSection(ProjectConfigurationPlatforms) = postSolution
		{18F57D65-C70F-400E-9FE0-08A31D9DF876}.Debug|Any CPU.ActiveCfg = Debug|Any CPU
		{18F57D65-C70F-400E-9FE0-08A31D9DF876}.Debug|Any CPU.Build.0 = Debug|Any CPU
		{18F57D65-C70F-400E-9FE0-08A31D9DF876}.Release|Any CPU.ActiveCfg = Release|Any CPU
		{18F57D65-C70F-400E-9FE0-08A31D9DF876}.Release|Any CPU.Build.0 = Release|Any CPU
		{97F7815D-AF0B-4A75-AF18-EAEE6D4D685E}.Debug|Any CPU.ActiveCfg = Debug|Any CPU
		{97F7815D-AF0B-4A75-AF18-EAEE6D4D685E}.Debug|Any CPU.Build.0 = Debug|Any CPU
		{97F7815D-AF0B-4A75-AF18-EAEE6D4D685E}.Release|Any CPU.ActiveCfg = Release|Any CPU
		{97F7815D-AF0B-4A75-AF18-EAEE6D4D685E}.Release|Any CPU.Build.0 = Release|Any CPU
		{64BAF3A7-64BF-49AF-9F5D-E8C11F027D25}.Debug|Any CPU.ActiveCfg = Debug|Any CPU
		{64BAF3A7-64BF-49AF-9F5D-E8C11F027D25}.Debug|Any CPU.Build.0 = Debug|Any CPU
		{64BAF3A7-64BF-49AF-9F5D-E8C11F027D25}.Release|Any CPU.ActiveCfg = Release|Any CPU
		{64BAF3A7-64BF-49AF-9F5D-E8C11F027D25}.Release|Any CPU.Build.0 = Release|Any CPU
		{8AC7C16A-C7B9-4C7C-8759-0C3A9E1BBF1F}.Debug|Any CPU.ActiveCfg = Debug|Any CPU
		{8AC7C16A-C7B9-4C7C-8759-0C3A9E1BBF1F}.Debug|Any CPU.Build.0 = Debug|Any CPU
		{8AC7C16A-C7B9-4C7C-8759-0C3A9E1BBF1F}.Release|Any CPU.ActiveCfg = Release|Any CPU
		{8AC7C16A-C7B9-4C7C-8759-0C3A9E1BBF1F}.Release|Any CPU.Build.0 = Release|Any CPU
		{A1E2F0B1-058B-4E24-89C1-DF120D26BE73}.Debug|Any CPU.ActiveCfg = Debug|Any CPU
		{A1E2F0B1-058B-4E24-89C1-DF120D26BE73}.Debug|Any CPU.Build.0 = Debug|Any CPU
		{A1E2F0B1-058B-4E24-89C1-DF120D26BE73}.Release|Any CPU.ActiveCfg = Release|Any CPU
		{A1E2F0B1-058B-4E24-89C1-DF120D26BE73}.Release|Any CPU.Build.0 = Release|Any CPU
	EndGlobalSection
	GlobalSection(SolutionProperties) = preSolution
		HideSolutionNode = FALSE
	EndGlobalSection
	GlobalSection(ExtensibilityGlobals) = postSolution
		SolutionGuid = {CEC3B90D-2865-4841-8970-02EA518432B8}
	EndGlobalSection
EndGlobal
